# THIS IS AN AUTOGENERATED FILE. DO NOT EDIT THIS FILE DIRECTLY.
# yarn lockfile v1


"@ast-grep/napi-darwin-arm64@0.37.0":
  version "0.37.0"
  resolved "https://registry.yarnpkg.com/@ast-grep/napi-darwin-arm64/-/napi-darwin-arm64-0.37.0.tgz#5cca85937dbe9a75b7e89ddc0cea595111e2d13d"
  integrity sha512-QAiIiaAbLvMEg/yBbyKn+p1gX2/FuaC0SMf7D7capm/oG4xGMzdeaQIcSosF4TCxxV+hIH4Bz9e4/u7w6Bnk3Q==

"@ast-grep/napi-darwin-x64@0.37.0":
  version "0.37.0"
  resolved "https://registry.yarnpkg.com/@ast-grep/napi-darwin-x64/-/napi-darwin-x64-0.37.0.tgz#433c19fb2584c81b2e04b1900430b7b547908319"
  integrity sha512-zvcvdgekd4ySV3zUbUp8HF5nk5zqwiMXTuVzTUdl/w08O7JjM6XPOIVT+d2o/MqwM9rsXdzdergY5oY2RdhSPA==

"@ast-grep/napi-linux-arm64-gnu@0.37.0":
  version "0.37.0"
  resolved "https://registry.yarnpkg.com/@ast-grep/napi-linux-arm64-gnu/-/napi-linux-arm64-gnu-0.37.0.tgz#2d7ea5cb97560cb704ff4e73daf5b372335387bf"
  integrity sha512-L7Sj0lXy8X+BqSMgr1LB8cCoWk0rericdeu+dC8/c8zpsav5Oo2IQKY1PmiZ7H8IHoFBbURLf8iklY9wsD+cyA==

"@ast-grep/napi-linux-arm64-musl@0.37.0":
  version "0.37.0"
  resolved "https://registry.yarnpkg.com/@ast-grep/napi-linux-arm64-musl/-/napi-linux-arm64-musl-0.37.0.tgz#dc35c759c71f9a3431b6d3764ce50074a6071bef"
  integrity sha512-LF9sAvYy6es/OdyJDO3RwkX3I82Vkfsng1sqUBcoWC1jVb1wX5YVzHtpQox9JrEhGl+bNp7FYxB4Qba9OdA5GA==

"@ast-grep/napi-linux-x64-gnu@0.37.0":
  version "0.37.0"
  resolved "https://registry.yarnpkg.com/@ast-grep/napi-linux-x64-gnu/-/napi-linux-x64-gnu-0.37.0.tgz#60957578911620da24f62b4f10c920290f0e5bf5"
  integrity sha512-TViz5/klqre6aSmJzswEIjApnGjJzstG/SE8VDWsrftMBMYt2PTu3MeluZVwzSqDao8doT/P+6U11dU05UOgxw==

"@ast-grep/napi-linux-x64-musl@0.37.0":
  version "0.37.0"
  resolved "https://registry.yarnpkg.com/@ast-grep/napi-linux-x64-musl/-/napi-linux-x64-musl-0.37.0.tgz#58f3d2b7461d23b4a998e8122e58705c555fc887"
  integrity sha512-/BcCH33S9E3ovOAEoxYngUNXgb+JLg991sdyiNP2bSoYd30a9RHrG7CYwW6fMgua3ijQ474eV6cq9yZO1bCpXg==

"@ast-grep/napi-win32-arm64-msvc@0.37.0":
  version "0.37.0"
  resolved "https://registry.yarnpkg.com/@ast-grep/napi-win32-arm64-msvc/-/napi-win32-arm64-msvc-0.37.0.tgz#15f330e317c017acb2d4b7862fe3c2b8c96eea15"
  integrity sha512-TjQA4cFoIEW2bgjLkaL9yqT4XWuuLa5MCNd0VCDhGRDMNQ9+rhwi9eLOWRaap3xzT7g+nlbcEHL3AkVCD2+b3A==

"@ast-grep/napi-win32-ia32-msvc@0.37.0":
  version "0.37.0"
  resolved "https://registry.yarnpkg.com/@ast-grep/napi-win32-ia32-msvc/-/napi-win32-ia32-msvc-0.37.0.tgz#2fa6802f79c627e59cdd6363f171917b624690f6"
  integrity sha512-uNmVka8fJCdYsyOlF9aZqQMLTatEYBynjChVTzUfFMDfmZ0bihs/YTqJVbkSm8TZM7CUX82apvn50z/dX5iWRA==

"@ast-grep/napi-win32-x64-msvc@0.37.0":
  version "0.37.0"
  resolved "https://registry.yarnpkg.com/@ast-grep/napi-win32-x64-msvc/-/napi-win32-x64-msvc-0.37.0.tgz#66007757f0831e36f5576839999fbd265210ed64"
  integrity sha512-vCiFOT3hSCQuHHfZ933GAwnPzmL0G04JxQEsBRfqONywyT8bSdDc/ECpAfr3S9VcS4JZ9/F6tkePKW/Om2Dq2g==

"@ast-grep/napi@0.37.0":
  version "0.37.0"
  resolved "https://registry.yarnpkg.com/@ast-grep/napi/-/napi-0.37.0.tgz#e6a4806dfbbe570f4742fd9d048bdcc87328b29e"
  integrity sha512-Hb4o6h1Pf6yRUAX07DR4JVY7dmQw+RVQMW5/m55GoiAT/VRoKCWBtIUPPOnqDVhbx1Cjfil9b6EDrgJsUAujEQ==
  optionalDependencies:
    "@ast-grep/napi-darwin-arm64" "0.37.0"
    "@ast-grep/napi-darwin-x64" "0.37.0"
    "@ast-grep/napi-linux-arm64-gnu" "0.37.0"
    "@ast-grep/napi-linux-arm64-musl" "0.37.0"
    "@ast-grep/napi-linux-x64-gnu" "0.37.0"
    "@ast-grep/napi-linux-x64-musl" "0.37.0"
    "@ast-grep/napi-win32-arm64-msvc" "0.37.0"
    "@ast-grep/napi-win32-ia32-msvc" "0.37.0"
    "@ast-grep/napi-win32-x64-msvc" "0.37.0"

"@biomejs/biome@^2.4.12":
  version "2.4.16"
  resolved "https://registry.yarnpkg.com/@biomejs/biome/-/biome-2.4.16.tgz#241feeafcbc9c26ced1600e5c6016f4b3b599d24"
  integrity sha512-x9ajFh1zChVybCiM3TN6OD4phAqLgtPZjFrZF+aTMYCPjwBO+k529TX7PPsAqtGNLeV4UgzwQnowEgS7bGmzcA==
  optionalDependencies:
    "@biomejs/cli-darwin-arm64" "2.4.16"
    "@biomejs/cli-darwin-x64" "2.4.16"
    "@biomejs/cli-linux-arm64" "2.4.16"
    "@biomejs/cli-linux-arm64-musl" "2.4.16"
    "@biomejs/cli-linux-x64" "2.4.16"
    "@biomejs/cli-linux-x64-musl" "2.4.16"
    "@biomejs/cli-win32-arm64" "2.4.16"
    "@biomejs/cli-win32-x64" "2.4.16"

"@biomejs/cli-darwin-arm64@2.4.16":
  version "2.4.16"
  resolved "https://registry.yarnpkg.com/@biomejs/cli-darwin-arm64/-/cli-darwin-arm64-2.4.16.tgz#c361db44920728d57e2b0a48bb88c09ad01101b9"
  integrity sha512-wxPvu4XOA85YJk9ixSWUmq/QBHbid85BISbOAqqBM/5xQpPk9ayjk5375tOlSC0BeCwNSbPFafQBm+vBumXq0A==

"@biomejs/cli-darwin-x64@2.4.16":
  version "2.4.16"
  resolved "https://registry.yarnpkg.com/@biomejs/cli-darwin-x64/-/cli-darwin-x64-2.4.16.tgz#4e69cfecd92f2909b87a9a1dff61f18dbc013088"
  integrity sha512-xFCqGPwYusQJp4N4NJLi1XJiZqjwFdjhT+KqtNy+Ug3qgfczqnTa6MSDvxJF6TkuDLoYJItMapz6tAf7kCekFw==

"@biomejs/cli-linux-arm64-musl@2.4.16":
  version "2.4.16"
  resolved "https://registry.yarnpkg.com/@biomejs/cli-linux-arm64-musl/-/cli-linux-arm64-musl-2.4.16.tgz#5485d4a544d0818a29ce022256299ace49531779"
  integrity sha512-oYxnW0ARfJkr72ezzF2OR8N/rtkgLUQeYtF8cFhVswbknHxtTcmzSsanVJP8yQKnGpGpc2ck6c5zLvHahL6Cbg==

"@biomejs/cli-linux-arm64@2.4.16":
  version "2.4.16"
  resolved "https://registry.yarnpkg.com/@biomejs/cli-linux-arm64/-/cli-linux-arm64-2.4.16.tgz#d6df1fb75ca5d05dec7985d74ffe503c4c3d33b1"
  integrity sha512-2kFb4//jxfZaP6D+Rj5VkHkxgyD9EoRAVBEQb8PKRv+s4NO2zYNJKXFaJmK1CmhufJOWEfpHKaRbOja7qjmdhQ==

"@biomejs/cli-linux-x64-musl@2.4.16":
  version "2.4.16"
  resolved "https://registry.yarnpkg.com/@biomejs/cli-linux-x64-musl/-/cli-linux-x64-musl-2.4.16.tgz#4ccb530d703878a239c204b13aeb8d5c8cf80d8f"
  integrity sha512-iHDS+MCM65DPqWGu+ECC3uoALyj2H7F4nVUPxIPjz/PIl94EUu+EDfGZDzFP+NY1EOPVt9NQvwFqq7HdMmowdg==

"@biomejs/cli-linux-x64@2.4.16":
  version "2.4.16"
  resolved "https://registry.yarnpkg.com/@biomejs/cli-linux-x64/-/cli-linux-x64-2.4.16.tgz#725c4e4dc0ec7182bb49c18c9d301184e669889e"
  integrity sha512-NbcBbi/nJqn5baae6wqRXdS7Gadf2uRpehSh6vMSYpG8OhkXl/Xg8aorWrJ+9VWqAT5ml90alLvorkpMW0nBwQ==

"@biomejs/cli-win32-arm64@2.4.16":
  version "2.4.16"
  resolved "https://registry.yarnpkg.com/@biomejs/cli-win32-arm64/-/cli-win32-arm64-2.4.16.tgz#639e5433eb2c412c7798702708c96851de0b7827"
  integrity sha512-0rgImMsNb5v/chhkIFe3wu7PEFClS6RBAYUijGL9UsYN3PanSaoK24HSSuSJb1pYbYYVjzAyZTl3gtjJ84BM8A==

"@biomejs/cli-win32-x64@2.4.16":
  version "2.4.16"
  resolved "https://registry.yarnpkg.com/@biomejs/cli-win32-x64/-/cli-win32-x64-2.4.16.tgz#30fb75d856864ff9d3324da20c72c9f121c9ae16"
  integrity sha512-Kp85jgoBHa05gix6UIRjfCDiUV3w/8VIdZ247VyyO2gEjaw12WEVhdIjlxp/AMzXxqxQwbxNTDVZ3Mwd2RG5rw==

"@emnapi/core@1.10.0":
  version "1.10.0"
  resolved "https://registry.yarnpkg.com/@emnapi/core/-/core-1.10.0.tgz#380ccc8f2412ea22d1d972df7f8ee23a3b9c7467"
  integrity sha512-yq6OkJ4p82CAfPl0u9mQebQHKPJkY7WrIuk205cTYnYe+k2Z8YBh11FrbRG/H6ihirqcacOgl2BIO8oyMQLeXw==
  dependencies:
    "@emnapi/wasi-threads" "1.2.1"
    tslib "^2.4.0"

"@emnapi/runtime@1.10.0":
  version "1.10.0"
  resolved "https://registry.yarnpkg.com/@emnapi/runtime/-/runtime-1.10.0.tgz#4b260c0d3534204e98c6110b8db1a987d26ec87c"
  integrity sha512-ewvYlk86xUoGI0zQRNq/mC+16R1QeDlKQy21Ki3oSYXNgLb45GV1P6A0M+/s6nyCuNDqe5VpaY84BzXGwVbwFA==
  dependencies:
    tslib "^2.4.0"

"@emnapi/wasi-threads@1.2.1":
  version "1.2.1"
  resolved "https://registry.yarnpkg.com/@emnapi/wasi-threads/-/wasi-threads-1.2.1.tgz#28fed21a1ba1ce797c44a070abc94d42f3ae8548"
  integrity sha512-uTII7OYF+/Mes/MrcIOYp5yOtSMLBWSIoLPpcgwipoiKbli6k322tcoFsxoIIxPDqW01SQGAgko4EzZi2BNv2w==
  dependencies:
    tslib "^2.4.0"

"@esbuild/aix-ppc64@0.28.0":
  version "0.28.0"
  resolved "https://registry.yarnpkg.com/@esbuild/aix-ppc64/-/aix-ppc64-0.28.0.tgz#7a289c158e29cbf59ea0afc83cc80f06d1c89402"
  integrity sha512-lhRUCeuOyJQURhTxl4WkpFTjIsbDayJHih5kZC1giwE+MhIzAb7mEsQMqMf18rHLsrb5qI1tafG20mLxEWcWlA==

"@esbuild/android-arm64@0.28.0":
  version "0.28.0"
  resolved "https://registry.yarnpkg.com/@esbuild/android-arm64/-/android-arm64-0.28.0.tgz#b8828d9edfa3a92660644eb8de6e4f3c203d7b17"
  integrity sha512-+WzIXQOSaGs33tLEgYPYe/yQHf0WTU0X42Jca3y8NWMbUVhp7rUnw+vAsRC/QiDrdD31IszMrZy+qwPOPjd+rw==

"@esbuild/android-arm@0.28.0":
  version "0.28.0"
  resolved "https://registry.yarnpkg.com/@esbuild/android-arm/-/android-arm-0.28.0.tgz#5ec1847605e05b5dbe5df90db9ff7e3e4c58dca7"
  integrity sha512-wqh0ByljabXLKHeWXYLqoJ5jKC4XBaw6Hk08OfMrCRd2nP2ZQ5eleDZC41XHyCNgktBGYMbqnrJKq/K/lzPMSQ==

"@esbuild/android-x64@0.28.0":
  version "0.28.0"
  resolved "https://registry.yarnpkg.com/@esbuild/android-x64/-/android-x64-0.28.0.tgz#390642175b88ef82bad4cce03f8ab13fe9b1912e"
  integrity sha512-+VJggoaKhk2VNNqVL7f6S189UzShHC/mR9EE8rDdSkdpN0KflSwWY/gWjDrNxxisg8Fp1ZCD9jLMo4m0OUfeUA==

"@esbuild/darwin-arm64@0.28.0":
  version "0.28.0"
  resolved "https://registry.yarnpkg.com/@esbuild/darwin-arm64/-/darwin-arm64-0.28.0.tgz#ae45325960d5950cd6951e4f97396f4e1ff7d8d3"
  integrity sha512-0T+A9WZm+bZ84nZBtk1ckYsOvyA3x7e2Acj1KdVfV4/2tdG4fzUp91YHx+GArWLtwqp77pBXVCPn2We7Letr0Q==

"@esbuild/darwin-x64@0.28.0":
  version "0.28.0"
  resolved "https://registry.yarnpkg.com/@esbuild/darwin-x64/-/darwin-x64-0.28.0.tgz#c079247d589b6b99449659d94f06951b84bff2e4"
  integrity sha512-fyzLm/DLDl/84OCfp2f/XQ4flmORsjU7VKt8HLjvIXChJoFFOIL6pLJPH4Yhd1n1gGFF9mPwtlN5Wf82DZs+LQ==

"@esbuild/freebsd-arm64@0.28.0":
  version "0.28.0"
  resolved "https://registry.yarnpkg.com/@esbuild/freebsd-arm64/-/freebsd-arm64-0.28.0.tgz#45c456215a486593c94900297202dc11c880a37a"
  integrity sha512-l9GeW5UZBT9k9brBYI+0WDffcRxgHQD8ShN2Ur4xWq/NFzUKm3k5lsH4PdaRgb2w7mI9u61nr2gI2mLI27Nh3Q==

"@esbuild/freebsd-x64@0.28.0":
  version "0.28.0"
  resolved "https://registry.yarnpkg.com/@esbuild/freebsd-x64/-/freebsd-x64-0.28.0.tgz#0399494c1c85e4388e9b7040bd60d48f2a5b0d2c"
  integrity sha512-BXoQai/A0wPO6Es3yFJ7APCiKGc1tdAEOgeTNy3SsB491S3aHn4S4r3e976eUnPdU+NbdtmBuLncYir2tMU9Nw==

"@esbuild/linux-arm64@0.28.0":
  version "0.28.0"
  resolved "https://registry.yarnpkg.com/@esbuild/linux-arm64/-/linux-arm64-0.28.0.tgz#d6d9f09ef0de54116bf459a4d53cac7e0952fe39"
  integrity sha512-RVyzfb3FWsGA55n6WY0MEIEPURL1FcbhFE6BffZEMEekfCzCIMtB5yyDcFnVbTnwk+CLAgTujmV/Lgvih56W+A==

"@esbuild/linux-arm@0.28.0":
  version "0.28.0"
  resolved "https://registry.yarnpkg.com/@esbuild/linux-arm/-/linux-arm-0.28.0.tgz#7b42ffa84c288ae94fdc431c1b28a89e3c3b9278"
  integrity sha512-CjaaREJagqJp7iTaNQjjidaNbCKYcd4IDkzbwwxtSvjI7NZm79qiHc8HqciMddQ6CKvJT6aBd8lO9kN/ZudLlw==

"@esbuild/linux-ia32@0.28.0":
  version "0.28.0"
  resolved "https://registry.yarnpkg.com/@esbuild/linux-ia32/-/linux-ia32-0.28.0.tgz#deb15d112ed8dd605346b6b953d23a21ff81253f"
  integrity sha512-KBnSTt1kxl9x70q+ydterVdl+Cn0H18ngRMRCEQfrbqdUuntQQ0LoMZv47uB97NljZFzY6HcfqEZ2SAyIUTQBQ==

"@esbuild/linux-loong64@0.28.0":
  version "0.28.0"
  resolved "https://registry.yarnpkg.com/@esbuild/linux-loong64/-/linux-loong64-0.28.0.tgz#81fb89d07eecc79b157dea61033757726fce0ca4"
  integrity sha512-zpSlUce1mnxzgBADvxKXX5sl8aYQHo2ezvMNI8I0lbblJtp8V4odlm3Yzlj7gPyt3T8ReksE6bK+pT3WD+aJRg==

"@esbuild/linux-mips64el@0.28.0":
  version "0.28.0"
  resolved "https://registry.yarnpkg.com/@esbuild/linux-mips64el/-/linux-mips64el-0.28.0.tgz#d0e42691b3ff7af9fb2217b70fc01f343bdb62bb"
  integrity sha512-2jIfP6mmjkdmeTlsX/9vmdmhBmKADrWqN7zcdtHIeNSCH1SqIoNI63cYsjQR8J+wGa4Y5izRcSHSm8K3QWmk3w==

"@esbuild/linux-ppc64@0.28.0":
  version "0.28.0"
  resolved "https://registry.yarnpkg.com/@esbuild/linux-ppc64/-/linux-ppc64-0.28.0.tgz#389f3e5e98f17d477c467cc87136e1a076eead87"
  integrity sha512-bc0FE9wWeC0WBm49IQMPSPILRocGTQt3j5KPCA8os6VprfuJ7KD+5PzESSrJ6GmPIPJK965ZJHTUlSA6GNYEhg==

"@esbuild/linux-riscv64@0.28.0":
  version "0.28.0"
  resolved "https://registry.yarnpkg.com/@esbuild/linux-riscv64/-/linux-riscv64-0.28.0.tgz#763bd60d59b242be12da1e67d5729f3024c605fa"
  integrity sha512-SQPZOwoTTT/HXFXQJG/vBX8sOFagGqvZyXcgLA3NhIqcBv1BJU1d46c0rGcrij2B56Z2rNiSLaZOYW5cUk7yLQ==

"@esbuild/linux-s390x@0.28.0":
  version "0.28.0"
  resolved "https://registry.yarnpkg.com/@esbuild/linux-s390x/-/linux-s390x-0.28.0.tgz#aac6061634872e4677de693bce8030d73b1fd055"
  integrity sha512-SCfR0HN8CEEjnYnySJTd2cw0k9OHB/YFzt5zgJEwa+wL/T/raGWYMBqwDNAC6dqFKmJYZoQBRfHjgwLHGSrn3Q==

"@esbuild/linux-x64@0.28.0":
  version "0.28.0"
  resolved "https://registry.yarnpkg.com/@esbuild/linux-x64/-/linux-x64-0.28.0.tgz#4f2917747188fe77632bcec65b2d84b422419779"
  integrity sha512-us0dSb9iFxIi8srnpl931Nvs65it/Jd2a2K3qs7fz2WfGPHqzfzZTfec7oxZJRNPXPnNYZtanmRc4AL/JwVzHQ==

"@esbuild/netbsd-arm64@0.28.0":
  version "0.28.0"
  resolved "https://registry.yarnpkg.com/@esbuild/netbsd-arm64/-/netbsd-arm64-0.28.0.tgz#814df0ae57a0c386814491b8397eeba82094a947"
  integrity sha512-CR/RYotgtCKwtftMwJlUU7xCVNg3lMYZ0RzTmAHSfLCXw3NtZtNpswLEj/Kkf6kEL3Gw+BpOekRX0BYCtklhUw==

"@esbuild/netbsd-x64@0.28.0":
  version "0.28.0"
  resolved "https://registry.yarnpkg.com/@esbuild/netbsd-x64/-/netbsd-x64-0.28.0.tgz#e01bdf7e60fa1a08e46d46d960b0d9bb8ac210af"
  integrity sha512-nU1yhmYutL+fQ71Kxnhg8uEOdC0pwEW9entHykTgEbna2pw2dkbFSMeqjjyHZoCmt8SBkOSvV+yNmm94aUrrqw==

"@esbuild/openbsd-arm64@0.28.0":
  version "0.28.0"
  resolved "https://registry.yarnpkg.com/@esbuild/openbsd-arm64/-/openbsd-arm64-0.28.0.tgz#4a15c36aacca68d2d5a4c90b710c06759f4c1ffa"
  integrity sha512-cXb5vApOsRsxsEl4mcZ1XY3D4DzcoMxR/nnc4IyqYs0rTI8ZKmW6kyyg+11Z8yvgMfAEldKzP7AdP64HnSC/6g==

"@esbuild/openbsd-x64@0.28.0":
  version "0.28.0"
  resolved "https://registry.yarnpkg.com/@esbuild/openbsd-x64/-/openbsd-x64-0.28.0.tgz#475e6101498a8ecce3008d7c388111d7a27c17bd"
  integrity sha512-8wZM2qqtv9UP3mzy7HiGYNH/zjTA355mpeuA+859TyR+e+Tc08IHYpLJuMsfpDJwoLo1ikIJI8jC3GFjnRClzA==

"@esbuild/openharmony-arm64@0.28.0":
  version "0.28.0"
  resolved "https://registry.yarnpkg.com/@esbuild/openharmony-arm64/-/openharmony-arm64-0.28.0.tgz#cfdc3957f0b7a69f1bde129aad17fcc2f6fa033e"
  integrity sha512-FLGfyizszcef5C3YtoyQDACyg95+dndv79i2EekILBofh5wpCa1KuBqOWKrEHZg3zrL3t5ouE5jgr94vA+Wb2w==

"@esbuild/sunos-x64@0.28.0":
  version "0.28.0"
  resolved "https://registry.yarnpkg.com/@esbuild/sunos-x64/-/sunos-x64-0.28.0.tgz#a013c856fecacd1c3aec985c8afe1d1cb017497d"
  integrity sha512-1ZgjUoEdHZZl/YlV76TSCz9Hqj9h9YmMGAgAPYd+q4SicWNX3G5GCyx9uhQWSLcbvPW8Ni7lj4gDa1T40akdlw==

"@esbuild/win32-arm64@0.28.0":
  version "0.28.0"
  resolved "https://registry.yarnpkg.com/@esbuild/win32-arm64/-/win32-arm64-0.28.0.tgz#eae05e0f35271cad3898b43168d3e9a3bbaf47e5"
  integrity sha512-Q9StnDmQ/enxnpxCCLSg0oo4+34B9TdXpuyPeTedN/6+iXBJ4J+zwfQI28u/Jl40nOYAxGoNi7mFP40RUtkmUA==

"@esbuild/win32-ia32@0.28.0":
  version "0.28.0"
  resolved "https://registry.yarnpkg.com/@esbuild/win32-ia32/-/win32-ia32-0.28.0.tgz#06161ebc5bf75c08d69feb3c6b22560515913998"
  integrity sha512-zF3ag/gfiCe6U2iczcRzSYJKH1DCI+ByzSENHlM2FcDbEeo5Zd2C86Aq0tKUYAJJ1obRP84ymxIAksZUcdztHA==

"@esbuild/win32-x64@0.28.0":
  version "0.28.0"
  resolved "https://registry.yarnpkg.com/@esbuild/win32-x64/-/win32-x64-0.28.0.tgz#04d90d5752b4ce65d2b6ac25eba08ff7624fe07c"
  integrity sha512-pEl1bO9mfAmIC+tW5btTmrKaujg3zGtUmWNdCw/xs70FBjwAL3o9OEKNHvNmnyylD6ubxUERiEhdsL0xBQ9efw==

"@napi-rs/wasm-runtime@1.1.4":
  version "1.1.4"
  resolved "https://registry.yarnpkg.com/@napi-rs/wasm-runtime/-/wasm-runtime-1.1.4.tgz#a46bbfedc29751b7170c5d23bc1d8ee8c7e3c1e1"
  integrity sha512-3NQNNgA1YSlJb/kMH1ildASP9HW7/7kYnRI2szWJaofaS1hWmbGI4H+d3+22aGzXXN9IJ+n+GiFVcGipJP18ow==
  dependencies:
    "@tybys/wasm-util" "^0.10.1"

"@rsbuild/core@~2.0.6":
  version "2.0.6"
  resolved "https://registry.yarnpkg.com/@rsbuild/core/-/core-2.0.6.tgz#8078aae904fda40739d3359dbe77debd40f6c8ed"
  integrity sha512-0/u7oTgPp9NsL7E7qXzYiOOPAsOJiDbOr0FmG6gizJDIpYK8nospogNrwQ00SG0had9fdhLI7XkhP160IaLnWw==
  dependencies:
    "@rspack/core" "~2.0.3"
    "@swc/helpers" "^0.5.21"

"@rslib/core@^0.21.2":
  version "0.21.5"
  resolved "https://registry.yarnpkg.com/@rslib/core/-/core-0.21.5.tgz#f51702c5d1f07587e9d029c00276df6ae2aa1c08"
  integrity sha512-KPWR8gcodSIw8txfJ+KbgF5NoL7CxX0AljHiJk1VWDiClrN94jYmF5iGCFgaDraOBV9jJhpIIwPOfu09ild8eA==
  dependencies:
    "@rsbuild/core" "~2.0.6"
    rsbuild-plugin-dts "0.21.5"

"@rspack/binding-darwin-arm64@2.0.3":
  version "2.0.3"
  resolved "https://registry.yarnpkg.com/@rspack/binding-darwin-arm64/-/binding-darwin-arm64-2.0.3.tgz#d2f00c2263033f81c732a2b14d796bd8ad50a54c"
  integrity sha512-4UyCjLJwU/WxR6K1/gG4u3+jUsoaRHJ5rNu9fto/UbvrItwdlVNULChAApqZFw6mcSetMddSjSICeuj5pSB6sA==

"@rspack/binding-darwin-x64@2.0.3":
  version "2.0.3"
  resolved "https://registry.yarnpkg.com/@rspack/binding-darwin-x64/-/binding-darwin-x64-2.0.3.tgz#d3d28ac2f68362363090d4b474490d50b9f155f4"
  integrity sha512-K3evrbTgZNa8emEqk+AjDtbuoXZp5tPZz3pcEgETxuu3KanW8Zu+Fb+TUp1DEUcL0xOmHPPox8H2cZ3pF4Zmug==

"@rspack/binding-linux-arm64-gnu@2.0.3":
  version "2.0.3"
  resolved "https://registry.yarnpkg.com/@rspack/binding-linux-arm64-gnu/-/binding-linux-arm64-gnu-2.0.3.tgz#0441518abfe16c142d11453bbdb1dbdda766c330"
  integrity sha512-aPLDaaTtX1wqjLYAIHc2MGDQZtv1Hbjx47oaaefbWz5GbAnSA4P8jdYIeeGRyrqvQ0WqJXIWXgT0d/iXtes00A==

"@rspack/binding-linux-arm64-musl@2.0.3":
  version "2.0.3"
  resolved "https://registry.yarnpkg.com/@rspack/binding-linux-arm64-musl/-/binding-linux-arm64-musl-2.0.3.tgz#92459778718230db685e4ad91e81c727abf547db"
  integrity sha512-0WulUQPop6vmSDfrTxghmVlm+6crU8/XqD2f0dOWbEniZVuDZJ5/Y/cBqTRyk3rjl0vrmUv3lc87/t7UgQJQSw==

"@rspack/binding-linux-x64-gnu@2.0.3":
  version "2.0.3"
  resolved "https://registry.yarnpkg.com/@rspack/binding-linux-x64-gnu/-/binding-linux-x64-gnu-2.0.3.tgz#41c5e2a3609774265d2b64ede58b697f6411ae13"
  integrity sha512-fAhiMuV5omT53YMft+f3Y9euAFgspuyBAk9ZpeW2buL2TkuUMwP07adhhvQfKdQ5gpELfzmjQaRDGqaIT8UWiA==

"@rspack/binding-linux-x64-musl@2.0.3":
  version "2.0.3"
  resolved "https://registry.yarnpkg.com/@rspack/binding-linux-x64-musl/-/binding-linux-x64-musl-2.0.3.tgz#d6e3a7595edff3f02f2e82b4f23f7406da8bc32a"
  integrity sha512-0kcuFoZ8vy2iNWoISFOZt+/Ujo7LRLrzE7h07AV5r+oN/mv+/v14Sd/8NUtDIScCkrYOszYq/QS31e6t0UrVfw==

"@rspack/binding-wasm32-wasi@2.0.3":
  version "2.0.3"
  resolved "https://registry.yarnpkg.com/@rspack/binding-wasm32-wasi/-/binding-wasm32-wasi-2.0.3.tgz#a76b63a73ac9072fccb20f045b91134c47ec3b1d"
  integrity sha512-x2fsw7GzNZEnw444ikj4/b8kVjM0Y0TllxmizHpYZ9gmaQrOk5OXo9RQdz+l4zzoGors0l2IZP5Cc4GJNCaSoQ==
  dependencies:
    "@emnapi/core" "1.10.0"
    "@emnapi/runtime" "1.10.0"
    "@napi-rs/wasm-runtime" "1.1.4"

"@rspack/binding-win32-arm64-msvc@2.0.3":
  version "2.0.3"
  resolved "https://registry.yarnpkg.com/@rspack/binding-win32-arm64-msvc/-/binding-win32-arm64-msvc-2.0.3.tgz#2812cd712042c8af5e9125fd609010d66f5037bc"
  integrity sha512-jqlxuVPdrgMuwj/HEjSkC/jmhl4fAuKyob36zJXq2uAusn2FRJ4kClGe1fLFpfxRXFVQAWwlAOwLJg8T0suuaA==

"@rspack/binding-win32-ia32-msvc@2.0.3":
  version "2.0.3"
  resolved "https://registry.yarnpkg.com/@rspack/binding-win32-ia32-msvc/-/binding-win32-ia32-msvc-2.0.3.tgz#a0052989d5e0270db989bc7d4bc22617ff1bb9bc"
  integrity sha512-QM4JEuyk5QaZ5gnvnAIaCwVQzCkrD2E4Sud77kx/MVGDsRkcOlMx3blMC5QNHPDamRmWGk+7314YOQvRhKuWyg==

"@rspack/binding-win32-x64-msvc@2.0.3":
  version "2.0.3"
  resolved "https://registry.yarnpkg.com/@rspack/binding-win32-x64-msvc/-/binding-win32-x64-msvc-2.0.3.tgz#ba7b037fd177ffcf7229fb063a314c2a391e87ae"
  integrity sha512-vSQNnAy0wswG6AfNRuArTHQBiXOXl+A9ddQxBFup4PMHUzXxKtsBLQzw7BgFC0EgrPeHbt+30j7sXVZKYukj4A==

"@rspack/binding@2.0.3":
  version "2.0.3"
  resolved "https://registry.yarnpkg.com/@rspack/binding/-/binding-2.0.3.tgz#8c8f248ca8f4e437c36f5543352bb4d9706a9f39"
  integrity sha512-4exVNhGhW5RFHjK87XeTKbkA/qAgI5NHJlT1jNqiJv0gcUXLqTOEU3w7f8+f9zUo4JMFvPc0c9veOi4M19YYTg==
  optionalDependencies:
    "@rspack/binding-darwin-arm64" "2.0.3"
    "@rspack/binding-darwin-x64" "2.0.3"
    "@rspack/binding-linux-arm64-gnu" "2.0.3"
    "@rspack/binding-linux-arm64-musl" "2.0.3"
    "@rspack/binding-linux-x64-gnu" "2.0.3"
    "@rspack/binding-linux-x64-musl" "2.0.3"
    "@rspack/binding-wasm32-wasi" "2.0.3"
    "@rspack/binding-win32-arm64-msvc" "2.0.3"
    "@rspack/binding-win32-ia32-msvc" "2.0.3"
    "@rspack/binding-win32-x64-msvc" "2.0.3"

"@rspack/core@~2.0.3":
  version "2.0.3"
  resolved "https://registry.yarnpkg.com/@rspack/core/-/core-2.0.3.tgz#133123776e2395a5a02b712080b0cd828d40bad1"
  integrity sha512-2ufO/8FHIA/lX6UOgSsKPhpDvHr0sh9lYq/n/LsIZsTwu3973BGbu2fg1Akvuu3rEnskPqXjsqH2EPBzEA42uA==
  dependencies:
    "@rspack/binding" "2.0.3"

"@size-limit/esbuild@12.1.0":
  version "12.1.0"
  resolved "https://registry.yarnpkg.com/@size-limit/esbuild/-/esbuild-12.1.0.tgz#d0527ee8eed98794966b089c7fe61760cf4e6c7b"
  integrity sha512-Um6MVrX+05kIxI4+zk0ZByG9dA/Th1f+sfGc571D95BnCPc90/pl2+2OdsQuOyoWEbeAMqfcTKo0v07i+E65Vw==
  dependencies:
    esbuild "^0.28.0"
    nanoid "^5.1.7"

"@size-limit/file@12.1.0":
  version "12.1.0"
  resolved "https://registry.yarnpkg.com/@size-limit/file/-/file-12.1.0.tgz#3e0740e98cbb5c46c7e53939a37df5de68269fe2"
  integrity sha512-eGwDcIufnNnvJRzv3liDOn6MAOGgmOTUdpeGQ2KuRTlgIgO54AJH1ilvktlJc6PIjNfwpYY0dOGyap1QgM1swQ==

"@size-limit/preset-small-lib@^12.1.0":
  version "12.1.0"
  resolved "https://registry.yarnpkg.com/@size-limit/preset-small-lib/-/preset-small-lib-12.1.0.tgz#8457f5e8682bdec19f802f557a94fd33bdb461b5"
  integrity sha512-TVVQ/iuHbaGtHJrjur5s4XKYEyGk0nIwUAqhuzhKPbTyV9nYOH/laDelQ4vg3cGmm8sayRx998wxEdnwM/Yewg==
  dependencies:
    "@size-limit/esbuild" "12.1.0"
    "@size-limit/file" "12.1.0"
    size-limit "12.1.0"

"@swc/helpers@^0.5.21":
  version "0.5.21"
  resolved "https://registry.yarnpkg.com/@swc/helpers/-/helpers-0.5.21.tgz#0b1b020317ee1282860ca66f7e9a7c7790f05ae0"
  integrity sha512-jI/VAmtdjB/RnI8GTnokyX7Ug8c+g+ffD6QRLa6XQewtnGyukKkKSk3wLTM3b5cjt1jNh9x0jfVlagdN2gDKQg==
  dependencies:
    tslib "^2.8.0"

"@tybys/wasm-util@^0.10.1":
  version "0.10.1"
  resolved "https://registry.yarnpkg.com/@tybys/wasm-util/-/wasm-util-0.10.1.tgz#ecddd3205cf1e2d5274649ff0eedd2991ed7f414"
  integrity sha512-9tTaPJLSiejZKx+Bmog4uSubteqTvFrVrURwkmHixBo0G4seD0zUxp98E1DzUBJxLQ3NPwXrGKDiVjwx/DpPsg==
  dependencies:
    tslib "^2.4.0"

"@types/node@^25.6.0":
  version "25.9.1"
  resolved "https://registry.yarnpkg.com/@types/node/-/node-25.9.1.tgz#3bda556db500ae4319c08e7fc9ab94f19013ba0b"
  integrity sha512-xfrlY7UD5rMJk3ZVJP8BNzS28J36YJg+xp+LPXV1TdWxr8uMH5A860QNxYDGQe/ylDSgjxE52Q9VnO7p75tJxg==
  dependencies:
    undici-types ">=7.24.0 <7.24.7"

bytes-iec@^3.1.1:
  version "3.1.1"
  resolved "https://registry.yarnpkg.com/bytes-iec/-/bytes-iec-3.1.1.tgz#94cd36bf95c2c22a82002c247df8772d1d591083"
  integrity sha512-fey6+4jDK7TFtFg/klGSvNKJctyU7n2aQdnM+CO0ruLPbqqMOM8Tio0Pc+deqUeVKX1tL5DQep1zQ7+37aTAsA==

esbuild@^0.28.0:
  version "0.28.0"
  resolved "https://registry.yarnpkg.com/esbuild/-/esbuild-0.28.0.tgz#5dee347ffb3e3874212a35a69836b077b1ce6d96"
  integrity sha512-sNR9MHpXSUV/XB4zmsFKN+QgVG82Cc7+/aaxJ8Adi8hyOac+EXptIp45QBPaVyX3N70664wRbTcLTOemCAnyqw==
  optionalDependencies:
    "@esbuild/aix-ppc64" "0.28.0"
    "@esbuild/android-arm" "0.28.0"
    "@esbuild/android-arm64" "0.28.0"
    "@esbuild/android-x64" "0.28.0"
    "@esbuild/darwin-arm64" "0.28.0"
    "@esbuild/darwin-x64" "0.28.0"
    "@esbuild/freebsd-arm64" "0.28.0"
    "@esbuild/freebsd-x64" "0.28.0"
    "@esbuild/linux-arm" "0.28.0"
    "@esbuild/linux-arm64" "0.28.0"
    "@esbuild/linux-ia32" "0.28.0"
    "@esbuild/linux-loong64" "0.28.0"
    "@esbuild/linux-mips64el" "0.28.0"
    "@esbuild/linux-ppc64" "0.28.0"
    "@esbuild/linux-riscv64" "0.28.0"
    "@esbuild/linux-s390x" "0.28.0"
    "@esbuild/linux-x64" "0.28.0"
    "@esbuild/netbsd-arm64" "0.28.0"
    "@esbuild/netbsd-x64" "0.28.0"
    "@esbuild/openbsd-arm64" "0.28.0"
    "@esbuild/openbsd-x64" "0.28.0"
    "@esbuild/openharmony-arm64" "0.28.0"
    "@esbuild/sunos-x64" "0.28.0"
    "@esbuild/win32-arm64" "0.28.0"
    "@esbuild/win32-ia32" "0.28.0"
    "@esbuild/win32-x64" "0.28.0"

fdir@^6.5.0:
  version "6.5.0"
  resolved "https://registry.yarnpkg.com/fdir/-/fdir-6.5.0.tgz#ed2ab967a331ade62f18d077dae192684d50d350"
  integrity sha512-tIbYtZbucOs0BRGqPJkshJUYdL+SDH7dVM8gjy+ERp3WAUjLEFJE+02kanyHtwjWOnwrKYBiwAmM0p4kLJAnXg==

lilconfig@^3.1.3:
  version "3.1.3"
  resolved "https://registry.yarnpkg.com/lilconfig/-/lilconfig-3.1.3.tgz#a1bcfd6257f9585bf5ae14ceeebb7b559025e4c4"
  integrity sha512-/vlFKAoH5Cgt3Ie+JLhRbwOsCQePABiU3tJ1egGvyQ+33R/vcwM2Zl2QR/LzjsBeItPt3oSVXapn+m4nQDvpzw==

nanoid@^5.1.7:
  version "5.1.9"
  resolved "https://registry.yarnpkg.com/nanoid/-/nanoid-5.1.9.tgz#aac959acf7d685269fb1be7f70a90d9db0848948"
  integrity sha512-ZUvP7KeBLe3OZ1ypw6dI/TzYJuvHP77IM4Ry73waSQTLn8/g8rpdjfyVAh7t1/+FjBtG4lCP42MEbDxOsRpBMw==

nanospinner@^1.2.2:
  version "1.2.2"
  resolved "https://registry.yarnpkg.com/nanospinner/-/nanospinner-1.2.2.tgz#5a38f4410b5bf7a41585964bee74d32eab3e040b"
  integrity sha512-Zt/AmG6qRU3e+WnzGGLuMCEAO/dAu45stNbHY223tUxldaDAeE+FxSPsd9Q+j+paejmm0ZbrNVs5Sraqy3dRxA==
  dependencies:
    picocolors "^1.1.1"

picocolors@^1.1.1:
  version "1.1.1"
  resolved "https://registry.yarnpkg.com/picocolors/-/picocolors-1.1.1.tgz#3d321af3eab939b083c8f929a1d12cda81c26b6b"
  integrity sha512-xceH2snhtb5M9liqDsmEw56le376mTZkEX/jEb/RxNFyegNul7eNslCXP9FDj/Lcu0X8KEyMceP2ntpaHrDEVA==

picomatch@^4.0.4:
  version "4.0.4"
  resolved "https://registry.yarnpkg.com/picomatch/-/picomatch-4.0.4.tgz#fd6f5e00a143086e074dffe4c924b8fb293b0589"
  integrity sha512-QP88BAKvMam/3NxH6vj2o21R6MjxZUAd6nlwAS/pnGvN9IVLocLHxGYIzFhg6fUQ+5th6P4dv4eW9jX3DSIj7A==

rsbuild-plugin-dts@0.21.5:
  version "0.21.5"
  resolved "https://registry.yarnpkg.com/rsbuild-plugin-dts/-/rsbuild-plugin-dts-0.21.5.tgz#2e100552d6cb7cc84ce47834b1261625ebdb881a"
  integrity sha512-tRSqSCmaY2Ef/FTxcLUw26jQxM/HJHAFqTsqngXnXnfic0BHlSCKzJuwjGoGUYimb3RdH6qnC7jzkXuoe+ZXOA==
  dependencies:
    "@ast-grep/napi" "0.37.0"

size-limit@12.1.0, size-limit@^12.1.0:
  version "12.1.0"
  resolved "https://registry.yarnpkg.com/size-limit/-/size-limit-12.1.0.tgz#4e62d95773f3ea86d4dac7727fa6de8478050782"
  integrity sha512-VnDS2fycANrJFVPQwjaD+h+hkISY7EB3LsPsYWje4lBCjQwwsZLxjwwRwVJKHrcj2ZqyG+DdXykWm9mbZklZrw==
  dependencies:
    bytes-iec "^3.1.1"
    lilconfig "^3.1.3"
    nanospinner "^1.2.2"
    picocolors "^1.1.1"
    tinyglobby "^0.2.16"

tinyglobby@^0.2.16:
  version "0.2.16"
  resolved "https://registry.yarnpkg.com/tinyglobby/-/tinyglobby-0.2.16.tgz#1c3b7eb953fce42b226bc5a1ee06428281aff3d6"
  integrity sha512-pn99VhoACYR8nFHhxqix+uvsbXineAasWm5ojXoN8xEwK5Kd3/TrhNn1wByuD52UxWRLy8pu+kRMniEi6Eq9Zg==
  dependencies:
    fdir "^6.5.0"
    picomatch "^4.0.4"

tslib@^2.4.0, tslib@^2.8.0:
  version "2.8.1"
  resolved "https://registry.yarnpkg.com/tslib/-/tslib-2.8.1.tgz#612efe4ed235d567e8aba5f2a5fab70280ade83f"
  integrity sha512-oJFu94HQb+KVduSUQL7wnpmqnfmLsOA/nAh6b6EH0wCEoK0/mPeXU6c3wKDV83MkOuHPRHtSXKKU99IBazS/2w==

typescript@^6.0.3:
  version "6.0.3"
  resolved "https://registry.yarnpkg.com/typescript/-/typescript-6.0.3.tgz#90251dc007916e972786cb94d74d15b185577d21"
  integrity sha512-y2TvuxSZPDyQakkFRPZHKFm+KKVqIisdg9/CZwm9ftvKXLP8NRWj38/ODjNbr43SsoXqNuAisEf1GdCxqWcdBw==

"undici-types@>=7.24.0 <7.24.7":
  version "7.24.6"
  resolved "https://registry.yarnpkg.com/undici-types/-/undici-types-7.24.6.tgz#61275b485d7fd4e9d269c7cf04ec2873c9cc0f91"
  integrity sha512-WRNW+sJgj5OBN4/0JpHFqtqzhpbnV0GuB+OozA9gCL7a993SmU+1JBZCzLNxYsbMfIeDL+lTsphD5jN5N+n0zg==
