# THIS IS AN AUTOGENERATED FILE. DO NOT EDIT THIS FILE DIRECTLY.
# yarn lockfile v1


"@ast-grep/napi-darwin-arm64@0.37.0":
  version "0.37.0"
  resolved "https://registry.yarnpkg.com/@ast-grep/napi-darwin-arm64/-/napi-darwin-arm64-0.37.0.tgz#5cca85937dbe9a75b7e89ddc0cea595111e2d13d"
  integrity sha512-QAiIiaAbLvMEg/yBbyKn+p1gX2/FuaC0SMf7D7capm/oG4xGMzdeaQIcSosF4TCxxV+hIH4Bz9e4/u7w6Bnk3Q==

"@ast-grep/napi-darwin-x64@0.37.0":
  version "0.37.0"
  resolved "https://registry.yarnpkg.com/@ast-grep/napi-darwin-x64/-/napi-darwin-x64-0.37.0.tgz#433c19fb2584c81b2e04b1900430b7b547908319"
  integrity sha512-zvcvdgekd4ySV3zUbUp8HF5nk5zqwiMXTuVzTUdl/w08O7JjM6XPOIVT+d2o/MqwM9rsXdzdergY5oY2RdhSPA==

"@ast-grep/napi-linux-arm64-gnu@0.37.0":
  version "0.37.0"
  resolved "https://registry.yarnpkg.com/@ast-grep/napi-linux-arm64-gnu/-/napi-linux-arm64-gnu-0.37.0.tgz#2d7ea5cb97560cb704ff4e73daf5b372335387bf"
  integrity sha512-L7Sj0lXy8X+BqSMgr1LB8cCoWk0rericdeu+dC8/c8zpsav5Oo2IQKY1PmiZ7H8IHoFBbURLf8iklY9wsD+cyA==

"@ast-grep/napi-linux-arm64-musl@0.37.0":
  version "0.37.0"
  resolved "https://registry.yarnpkg.com/@ast-grep/napi-linux-arm64-musl/-/napi-linux-arm64-musl-0.37.0.tgz#dc35c759c71f9a3431b6d3764ce50074a6071bef"
  integrity sha512-LF9sAvYy6es/OdyJDO3RwkX3I82Vkfsng1sqUBcoWC1jVb1wX5YVzHtpQox9JrEhGl+bNp7FYxB4Qba9OdA5GA==

"@ast-grep/napi-linux-x64-gnu@0.37.0":
  version "0.37.0"
  resolved "https://registry.yarnpkg.com/@ast-grep/napi-linux-x64-gnu/-/napi-linux-x64-gnu-0.37.0.tgz#60957578911620da24f62b4f10c920290f0e5bf5"
  integrity sha512-TViz5/klqre6aSmJzswEIjApnGjJzstG/SE8VDWsrftMBMYt2PTu3MeluZVwzSqDao8doT/P+6U11dU05UOgxw==

"@ast-grep/napi-linux-x64-musl@0.37.0":
  version "0.37.0"
  resolved "https://registry.yarnpkg.com/@ast-grep/napi-linux-x64-musl/-/napi-linux-x64-musl-0.37.0.tgz#58f3d2b7461d23b4a998e8122e58705c555fc887"
  integrity sha512-/BcCH33S9E3ovOAEoxYngUNXgb+JLg991sdyiNP2bSoYd30a9RHrG7CYwW6fMgua3ijQ474eV6cq9yZO1bCpXg==

"@ast-grep/napi-win32-arm64-msvc@0.37.0":
  version "0.37.0"
  resolved "https://registry.yarnpkg.com/@ast-grep/napi-win32-arm64-msvc/-/napi-win32-arm64-msvc-0.37.0.tgz#15f330e317c017acb2d4b7862fe3c2b8c96eea15"
  integrity sha512-TjQA4cFoIEW2bgjLkaL9yqT4XWuuLa5MCNd0VCDhGRDMNQ9+rhwi9eLOWRaap3xzT7g+nlbcEHL3AkVCD2+b3A==

"@ast-grep/napi-win32-ia32-msvc@0.37.0":
  version "0.37.0"
  resolved "https://registry.yarnpkg.com/@ast-grep/napi-win32-ia32-msvc/-/napi-win32-ia32-msvc-0.37.0.tgz#2fa6802f79c627e59cdd6363f171917b624690f6"
  integrity sha512-uNmVka8fJCdYsyOlF9aZqQMLTatEYBynjChVTzUfFMDfmZ0bihs/YTqJVbkSm8TZM7CUX82apvn50z/dX5iWRA==

"@ast-grep/napi-win32-x64-msvc@0.37.0":
  version "0.37.0"
  resolved "https://registry.yarnpkg.com/@ast-grep/napi-win32-x64-msvc/-/napi-win32-x64-msvc-0.37.0.tgz#66007757f0831e36f5576839999fbd265210ed64"
  integrity sha512-vCiFOT3hSCQuHHfZ933GAwnPzmL0G04JxQEsBRfqONywyT8bSdDc/ECpAfr3S9VcS4JZ9/F6tkePKW/Om2Dq2g==

"@ast-grep/napi@0.37.0":
  version "0.37.0"
  resolved "https://registry.yarnpkg.com/@ast-grep/napi/-/napi-0.37.0.tgz#e6a4806dfbbe570f4742fd9d048bdcc87328b29e"
  integrity sha512-Hb4o6h1Pf6yRUAX07DR4JVY7dmQw+RVQMW5/m55GoiAT/VRoKCWBtIUPPOnqDVhbx1Cjfil9b6EDrgJsUAujEQ==
  optionalDependencies:
    "@ast-grep/napi-darwin-arm64" "0.37.0"
    "@ast-grep/napi-darwin-x64" "0.37.0"
    "@ast-grep/napi-linux-arm64-gnu" "0.37.0"
    "@ast-grep/napi-linux-arm64-musl" "0.37.0"
    "@ast-grep/napi-linux-x64-gnu" "0.37.0"
    "@ast-grep/napi-linux-x64-musl" "0.37.0"
    "@ast-grep/napi-win32-arm64-msvc" "0.37.0"
    "@ast-grep/napi-win32-ia32-msvc" "0.37.0"
    "@ast-grep/napi-win32-x64-msvc" "0.37.0"

"@biomejs/biome@^2.4.12":
  version "2.5.2"
  resolved "https://registry.yarnpkg.com/@biomejs/biome/-/biome-2.5.2.tgz#02e284f63fbbef1feca5297688e4f0459949c5c0"
  integrity sha512-VQ3RCqr7JmDIX+w6stWYl+g/3bYofN3q2wDBHUKKc/c7i5QWrFKFBZYCYPWTE6agsUPMIZZe6/CMmVUfUAhkKA==
  optionalDependencies:
    "@biomejs/cli-darwin-arm64" "2.5.2"
    "@biomejs/cli-darwin-x64" "2.5.2"
    "@biomejs/cli-linux-arm64" "2.5.2"
    "@biomejs/cli-linux-arm64-musl" "2.5.2"
    "@biomejs/cli-linux-x64" "2.5.2"
    "@biomejs/cli-linux-x64-musl" "2.5.2"
    "@biomejs/cli-win32-arm64" "2.5.2"
    "@biomejs/cli-win32-x64" "2.5.2"

"@biomejs/cli-darwin-arm64@2.5.2":
  version "2.5.2"
  resolved "https://registry.yarnpkg.com/@biomejs/cli-darwin-arm64/-/cli-darwin-arm64-2.5.2.tgz#97e2eae09112b9d5ee357a5c2998da8c7e990df2"
  integrity sha512-e7P3P7EkwFc/KiX2AHw4YDLIBOMfG9CPCAwy52k5Bp0dfhkozx9hf6wCmIr2QeXy2XeccJ3V/Sg+hDmzYEqxSg==

"@biomejs/cli-darwin-x64@2.5.2":
  version "2.5.2"
  resolved "https://registry.yarnpkg.com/@biomejs/cli-darwin-x64/-/cli-darwin-x64-2.5.2.tgz#1cffb19f327a2ad732fbfe8969836fd28c4e211b"
  integrity sha512-ymzMvjC1Jg0b9K0D26ZdARqFQXs7MocfLC5FOCGfkC0Ss+ACUJkX5364ZM5nT4NLZanHRZNVrZEy+Ibwcvux/g==

"@biomejs/cli-linux-arm64-musl@2.5.2":
  version "2.5.2"
  resolved "https://registry.yarnpkg.com/@biomejs/cli-linux-arm64-musl/-/cli-linux-arm64-musl-2.5.2.tgz#e8d85b60996e272ca80a8bdb5c6a6d61b7cccc0a"
  integrity sha512-w+ANG0ZvTu9IeEg9QnstoOnk6L0fpwJifW6aHR18+cb5Z39bkANItYjAfMrnvce5tmMK+IQ6nPX7/kQFdam5iw==

"@biomejs/cli-linux-arm64@2.5.2":
  version "2.5.2"
  resolved "https://registry.yarnpkg.com/@biomejs/cli-linux-arm64/-/cli-linux-arm64-2.5.2.tgz#95721e4bba88739f41c55f5f48c7aab12ab79127"
  integrity sha512-t7sseOmqND57uUWTwlawU6BYj+J06T/9EkydzBhkrgw/FK3QVhjU2wsJR0frljrKZ0/I8A/rYw7284QgqjQfIQ==

"@biomejs/cli-linux-x64-musl@2.5.2":
  version "2.5.2"
  resolved "https://registry.yarnpkg.com/@biomejs/cli-linux-x64-musl/-/cli-linux-x64-musl-2.5.2.tgz#ae5f210a0905469e964f97ad5128db2e0c17d6fd"
  integrity sha512-VArNLAzND063tF+XY0yPyM+DyahpzOMzOAvb7qs259nhjJWRjvjZdssuA+Rfl+l07+NOesKZ0Xu2yFrXyBMtzw==

"@biomejs/cli-linux-x64@2.5.2":
  version "2.5.2"
  resolved "https://registry.yarnpkg.com/@biomejs/cli-linux-x64/-/cli-linux-x64-2.5.2.tgz#c5e45474ae82d48800c51f213fb21c13021276c4"
  integrity sha512-M/lOZrewzTCRDINbjhQ1gYYru37KlD3kJBQwwKCG0ckz5E9IZwIoJ3X0wBwRXA+yBDIwWUuPBHS67HzJY4dTfA==

"@biomejs/cli-win32-arm64@2.5.2":
  version "2.5.2"
  resolved "https://registry.yarnpkg.com/@biomejs/cli-win32-arm64/-/cli-win32-arm64-2.5.2.tgz#471bb6d54f5218c20efaa519705e0e2b3bd025ca"
  integrity sha512-kbjFFKyZlzYnAuw7sRy5qDoFG6zrP40UK08oPQsWK0ct3NMnGSt+Bs1iviEEyEIP57N5MrykGXdO/wRiaR4lww==

"@biomejs/cli-win32-x64@2.5.2":
  version "2.5.2"
  resolved "https://registry.yarnpkg.com/@biomejs/cli-win32-x64/-/cli-win32-x64-2.5.2.tgz#637657694440b95556870ed5464ff5546e2fb3f0"
  integrity sha512-4InchVpdVmdkkkgjQqKpgvyu+VPnoF/7RPSw5YATgEVpt2j72wcCAeV5TwaE9ZGJUZWZn7v2CwSAj6CrMJEx8A==

"@emnapi/core@1.11.1":
  version "1.11.1"
  resolved "https://registry.yarnpkg.com/@emnapi/core/-/core-1.11.1.tgz#b9e1064f3a6b1631e241e638eb48d736bfd372a6"
  integrity sha512-RSvbQmHzdKzNsLYa/wHrbc3KN4sYLKAdPZxqiM2HATqv/SBk2/ENSHpvXGaLOMcsAyz0poEGqkmmKYG3OWiJEQ==
  dependencies:
    "@emnapi/wasi-threads" "1.2.2"
    tslib "^2.4.0"

"@emnapi/runtime@1.11.1":
  version "1.11.1"
  resolved "https://registry.yarnpkg.com/@emnapi/runtime/-/runtime-1.11.1.tgz#58f1f3d5d81a9b12f793ab688c96371901027c24"
  integrity sha512-vgj7R3y3Wgx24IQaGPA/R6YFXLHVMOZ0uVEyIQPaWs+rd1AzfEMXlAC22FYwO1XkKR6NPsq7mUandH8oIRdZFw==
  dependencies:
    tslib "^2.4.0"

"@emnapi/wasi-threads@1.2.2":
  version "1.2.2"
  resolved "https://registry.yarnpkg.com/@emnapi/wasi-threads/-/wasi-threads-1.2.2.tgz#4c93becf5bfa3b13d1bbdcc06aee38321ad8139a"
  integrity sha512-c95qOXkHdydNKhscBTebqEC1CVAZpyqOfVfBzQ1qgzyl3gfeldUjIggDbIZgDKsHLgnsM+igH7TJ/eAasaVuMA==
  dependencies:
    tslib "^2.4.0"

"@esbuild/aix-ppc64@0.28.1":
  version "0.28.1"
  resolved "https://registry.yarnpkg.com/@esbuild/aix-ppc64/-/aix-ppc64-0.28.1.tgz#7a01a8d2ec2fbb2dac78adad09b0fa781e4082be"
  integrity sha512-Svl7tq8k/08+p6CXPpRjQ1fKX+1odH/BQbb48fV6fj3CWHhsoIOoY87w1oHXm0qEpkIK3ZfVgp0hed3XBXzXMQ==

"@esbuild/android-arm64@0.28.1":
  version "0.28.1"
  resolved "https://registry.yarnpkg.com/@esbuild/android-arm64/-/android-arm64-0.28.1.tgz#b540a27d14e4afd058496a4dbec4d3f414db110a"
  integrity sha512-34EGEbCIAgosYz6goLcopX6Mo7NyGv9tfwEM2/7Ce2VcVRk568iSvniGWcUXIy7wEDR1wzolcxcriFVrWYcwBg==

"@esbuild/android-arm@0.28.1":
  version "0.28.1"
  resolved "https://registry.yarnpkg.com/@esbuild/android-arm/-/android-arm-0.28.1.tgz#704bd297de6d762de54eabbeafbf55f6756abe2f"
  integrity sha512-0k2F129Xdio1TdJfzJ8sy1Q47vUD2NnwdhiAf7drUN1EBTfPf4hsFCtmMgu/6m8JSzsBrlmVjudMBQqOfG8usQ==

"@esbuild/android-x64@0.28.1":
  version "0.28.1"
  resolved "https://registry.yarnpkg.com/@esbuild/android-x64/-/android-x64-0.28.1.tgz#d1cb166d34b0fbf0fe8ab460a5594f24a378701e"
  integrity sha512-dbwY7ltSMDWsRatcRpCnES4F+im88OCUgGZjy52shC7GqHRE/cYlxNbB4Z4UpJswpcc4Qxd2oE/ufM0p61IKng==

"@esbuild/darwin-arm64@0.28.1":
  version "0.28.1"
  resolved "https://registry.yarnpkg.com/@esbuild/darwin-arm64/-/darwin-arm64-0.28.1.tgz#1034b26457fc886368fe61bbd09f653f6afa8e54"
  integrity sha512-TZbWkQY7kvTAXbXUT7uVACR5cMHsDiSz9z7ZKAX/RTq/WJEk3QyRr0wZpNhBDX+/0CtdqUIJlOiodQcta6tY3Q==

"@esbuild/darwin-x64@0.28.1":
  version "0.28.1"
  resolved "https://registry.yarnpkg.com/@esbuild/darwin-x64/-/darwin-x64-0.28.1.tgz#65556a432a1e4d72032d8218c1932fcca1a49772"
  integrity sha512-zfdzgK9ACBNZLI/CyHTOx81SyNbM6YXn7rxSgX97VjyiPl9W1i4Ka4fgKECEoFCKGpvBj5qArWIGgQjOwkgskQ==

"@esbuild/freebsd-arm64@0.28.1":
  version "0.28.1"
  resolved "https://registry.yarnpkg.com/@esbuild/freebsd-arm64/-/freebsd-arm64-0.28.1.tgz#2e61e0592f9030d7e3dae18ee25ebc535918aef6"
  integrity sha512-wG2EA8ENdEI0qhkSZMjfqrdY+ziCYCPMmtZjjIwOmXFjmyzEHn+UUxk5of+SYsjtfs3VpnlC7QLzSI5hY/rOAw==

"@esbuild/freebsd-x64@0.28.1":
  version "0.28.1"
  resolved "https://registry.yarnpkg.com/@esbuild/freebsd-x64/-/freebsd-x64-0.28.1.tgz#c95ec289959ef8079c4dca817a1e2c4be66b9bd3"
  integrity sha512-i7dZ9vQgnvSCzi/rYCXNgtF/U+eKZNJBzu3eTQbRgHnM7tNSizLOkRFAl3qzVc/Op/u5YkHHa4pf/3DOYHthLQ==

"@esbuild/linux-arm64@0.28.1":
  version "0.28.1"
  resolved "https://registry.yarnpkg.com/@esbuild/linux-arm64/-/linux-arm64-0.28.1.tgz#40b22175dda06182f3ee8141186c5ff304c4a717"
  integrity sha512-yHs+0uc8+nvEAfAfxrWQKK5peSNzBc4PegcMO0EJ2hT71uA7vB8Ihg2e77R2P7SG5uYjPbHlLLmve4LLLRCf0g==

"@esbuild/linux-arm@0.28.1":
  version "0.28.1"
  resolved "https://registry.yarnpkg.com/@esbuild/linux-arm/-/linux-arm-0.28.1.tgz#c09a0f67917592ac0de892a9be4d3814debd2a6c"
  integrity sha512-qVXBOHQS+d5Y722GwJzJUtOLlX7km3CraOaGormF1pDtPd2C/l1SHRPgjLunLGe51Sh5YYWKMFDyV4SxgMQYTQ==

"@esbuild/linux-ia32@0.28.1":
  version "0.28.1"
  resolved "https://registry.yarnpkg.com/@esbuild/linux-ia32/-/linux-ia32-0.28.1.tgz#a580f9c676797833891e519fc7a1337c8afd8db3"
  integrity sha512-d1z4ZuP0ajrfz/FhGT4vv278rX8KnPPJx8i5+AtK7TYbx9Le9F1hyzurZpkEyjkGa9dUGhQow4C1NmeGvqxN2w==

"@esbuild/linux-loong64@0.28.1":
  version "0.28.1"
  resolved "https://registry.yarnpkg.com/@esbuild/linux-loong64/-/linux-loong64-0.28.1.tgz#46452cf321dc7f9e91c2fa780a56bb56e79cd68b"
  integrity sha512-M5sRjUVZrkm1OAPR3dlOYzNmN+loZKGVi1VUQGrwuqLcbR6qeAz+famMhjASeH3YVKvZz+zT1jlh/keC3Rj/lg==

"@esbuild/linux-mips64el@0.28.1":
  version "0.28.1"
  resolved "https://registry.yarnpkg.com/@esbuild/linux-mips64el/-/linux-mips64el-0.28.1.tgz#4211b3184dd6608f53dcb22e39f5d34ee08852c8"
  integrity sha512-mRObBZeHh2OxcBFPWE/FjylkRgZdYuiTR3vaTozquCGOH14iP9oN4x4Ge81CoIDYQrXmIxpFumJBu5MtZpnQJQ==

"@esbuild/linux-ppc64@0.28.1":
  version "0.28.1"
  resolved "https://registry.yarnpkg.com/@esbuild/linux-ppc64/-/linux-ppc64-0.28.1.tgz#697857c2a61cb9b0b6bb6652e40c1dc5e1ca8e5d"
  integrity sha512-slScBsMAb3GFDcdrCgLwZtPYRoH2H/youv10QiZyRjmsP48fznoveWytSgCI/R0ZcUgpc0ZhIUEx6LHts8yrfQ==

"@esbuild/linux-riscv64@0.28.1":
  version "0.28.1"
  resolved "https://registry.yarnpkg.com/@esbuild/linux-riscv64/-/linux-riscv64-0.28.1.tgz#d192943eb146a40ac4c6497d0cf7be35b986bf08"
  integrity sha512-kw0owk1o0GFETUJyW0jc0G4Yzs0BHZn0JDZ8JRT088vjJYX777BAs1fDGxAC+q831qOs2DTC96mNsG2opdfyyQ==

"@esbuild/linux-s390x@0.28.1":
  version "0.28.1"
  resolved "https://registry.yarnpkg.com/@esbuild/linux-s390x/-/linux-s390x-0.28.1.tgz#acea0356da0e0ebc08f97cf7b9c2e401e1e648dc"
  integrity sha512-/lAIjX8aYFRByhh6L5rYtPEDRqa9de/4V/juOXcta5frjvzXO4/sqEtyytse0g3zZFuWu5cDN0MkLz2qRDD2Ag==

"@esbuild/linux-x64@0.28.1":
  version "0.28.1"
  resolved "https://registry.yarnpkg.com/@esbuild/linux-x64/-/linux-x64-0.28.1.tgz#6f0c3ce0cb64c534b70c4c45ecb2c16d34e35dfd"
  integrity sha512-u/anNYF2mmVOEDwLtnQ1wOr3EZ9sTNGLWrsYGYwHWzGA3Si84IOkHXlbWTD1NB+9/1lcnweYKO54uhxZydNzfA==

"@esbuild/netbsd-arm64@0.28.1":
  version "0.28.1"
  resolved "https://registry.yarnpkg.com/@esbuild/netbsd-arm64/-/netbsd-arm64-0.28.1.tgz#8bcd77077a0dce3378b574fedb26d2a253b73d36"
  integrity sha512-oks0DYbLwWMmaakTsCb+zL4E+aHRVLom9IJZOAthMQEPiQmydXHkziYEsGYRx0uNV/IjEKGAV941JzH02pflqw==

"@esbuild/netbsd-x64@0.28.1":
  version "0.28.1"
  resolved "https://registry.yarnpkg.com/@esbuild/netbsd-x64/-/netbsd-x64-0.28.1.tgz#e7fb2a01e99c830c94e6623cd9fefb4c8fb58347"
  integrity sha512-aeL6lAnN89Hz43Mlh1G8ARasbuoYvSITDEx0tHh5b7jJnHcssqgjy9Yx430GDpmCa6OyrKoS0aNRjKundRizGg==

"@esbuild/openbsd-arm64@0.28.1":
  version "0.28.1"
  resolved "https://registry.yarnpkg.com/@esbuild/openbsd-arm64/-/openbsd-arm64-0.28.1.tgz#c52909372db8b86e2c55e05a8940033b5660a3b2"
  integrity sha512-MEFJe5C3R8pwXdZ5Y21oo6m7ePiS0d9pWucn99O/wvyJZChoIQKrQDxKrGeW8F5+T0okTHesAmDeiHDTIq0V/Q==

"@esbuild/openbsd-x64@0.28.1":
  version "0.28.1"
  resolved "https://registry.yarnpkg.com/@esbuild/openbsd-x64/-/openbsd-x64-0.28.1.tgz#c427b9be5a64c262ff9a7eb70b5fbbaadf446c6c"
  integrity sha512-i/ZLIOafE0Z8cI/XANJAixoJL/uRAoS2xOA3rb0xN+KK0K177cMAsQYkzHtBrtMXAKuAc7HGgcWiZ/sRC1Nxgw==

"@esbuild/openharmony-arm64@0.28.1":
  version "0.28.1"
  resolved "https://registry.yarnpkg.com/@esbuild/openharmony-arm64/-/openharmony-arm64-0.28.1.tgz#dc9b147baca2e6c4b3c85571741ef4860a489097"
  integrity sha512-ge+Z7EXFNt2BO1oAMsVpiQ8EwndV9i1xXerAeTIK7AtPs3bKFXQM7nlRxDSIUIMeueR1CNXxqztLzdNeReKBJg==

"@esbuild/sunos-x64@0.28.1":
  version "0.28.1"
  resolved "https://registry.yarnpkg.com/@esbuild/sunos-x64/-/sunos-x64-0.28.1.tgz#ce866d12df13c15e4c99f073a3d466f6e0649b3a"
  integrity sha512-BEjgtECkL3vY+SaSQ6nzVfiALUeFxpawyp8Jmf5PtYhf1Ug40N1h/hxlhts+f1FvSvarEigdxS3BlSMI2PJLcQ==

"@esbuild/win32-arm64@0.28.1":
  version "0.28.1"
  resolved "https://registry.yarnpkg.com/@esbuild/win32-arm64/-/win32-arm64-0.28.1.tgz#7468e3692d01d629d5941e5d83817bb80f9e39b4"
  integrity sha512-lCv9eK/H6ZJWbE7bh2nw54CZ9M2nupBxJcTsdk/QQnWkdSjKGuxmmH8/GWrlT1eMmZfn4dGcCjRte397WqfQXA==

"@esbuild/win32-ia32@0.28.1":
  version "0.28.1"
  resolved "https://registry.yarnpkg.com/@esbuild/win32-ia32/-/win32-ia32-0.28.1.tgz#a5bc0063fb2bcab6d0ed63f2a1537958bc269ec6"
  integrity sha512-zvb/mB2bSCoJOpoCBgYKKpX6YM6mJBlBUVUtVj41DlZJVEB6/0CKlRYxP5wWl1C1ILiCoAU5wZZ4q1P3qeS6Eg==

"@esbuild/win32-x64@0.28.1":
  version "0.28.1"
  resolved "https://registry.yarnpkg.com/@esbuild/win32-x64/-/win32-x64-0.28.1.tgz#10064ee44f4347b90c9a02b446bbf80a91632b12"
  integrity sha512-bm4Mowrv+GXMlpWX++EcXw/iLyd1o3+bJkC2DkWXYVvgZCqD/bSj9ctZeAMC3cIxgjRVR2Dufaiu4YPxr5gW1A==

"@napi-rs/wasm-runtime@1.1.6":
  version "1.1.6"
  resolved "https://registry.yarnpkg.com/@napi-rs/wasm-runtime/-/wasm-runtime-1.1.6.tgz#ed33806d0f9be98dc76d0c3d4fd872fda701b5d5"
  integrity sha512-ZLv/JdUfkvOy9eCnnBaGfiO+XimbjebAeO+MRQqD/B+FR1tnRN0tpKSJHRbE8sFfS6aqsXZ67TQjfwfsxULVbg==
  dependencies:
    "@tybys/wasm-util" "^0.10.3"

"@rsbuild/core@~2.1.4":
  version "2.1.4"
  resolved "https://registry.yarnpkg.com/@rsbuild/core/-/core-2.1.4.tgz#33e30994c448c6f86eef8daa78e681469c8f94b0"
  integrity sha512-kdubx/qB6tXduCdqaW78OULLZJ3ludpuA4mOkDko18THsI1rUy9U34DsaDSnotE8GAvTeme+FX9MnqLEUlg8kQ==
  dependencies:
    "@rspack/core" "~2.1.2"
    "@swc/helpers" "^0.5.23"

"@rslib/core@^0.23.0":
  version "0.23.2"
  resolved "https://registry.yarnpkg.com/@rslib/core/-/core-0.23.2.tgz#d4269e4867906cd7ae8ced5a498dedc462d0cf00"
  integrity sha512-KxSp+/y0BJ1O4oKwxX4ydBY7/ZVeJCUpWAmQniCIct8mTxIQFPGO/ibKbKq2IxZYqRuRpM8g+Dtyq0VbEQf9HQ==
  dependencies:
    "@rsbuild/core" "~2.1.4"
    rsbuild-plugin-dts "0.23.2"

"@rspack/binding-darwin-arm64@2.1.2":
  version "2.1.2"
  resolved "https://registry.yarnpkg.com/@rspack/binding-darwin-arm64/-/binding-darwin-arm64-2.1.2.tgz#1e65f66ef4b1b4ecb024dfd404917d3ae52b5d43"
  integrity sha512-IYcxareUOYJZz+uNMSIwn+iDRiVyjZNOjoxO/zL4OFaPK8Ncrw0ka/9DqL9Gd7OpnAXN1zK3uS8yD0O1yIYI3Q==

"@rspack/binding-darwin-x64@2.1.2":
  version "2.1.2"
  resolved "https://registry.yarnpkg.com/@rspack/binding-darwin-x64/-/binding-darwin-x64-2.1.2.tgz#9f066da58050f5a74975b8cac2aa66a5a1ecc0c4"
  integrity sha512-aoifkILvx/XEHyvg8yW57xu95nx7f9f/3ah1+RguHSNKcJMcoCep9VX1Ct1N0ftqg8MC0JUObc7xWL5W14hmjA==

"@rspack/binding-linux-arm64-gnu@2.1.2":
  version "2.1.2"
  resolved "https://registry.yarnpkg.com/@rspack/binding-linux-arm64-gnu/-/binding-linux-arm64-gnu-2.1.2.tgz#2de494fec0496ae6143c40d6601408edd1b7edf8"
  integrity sha512-My4m40tyJSgiCEf3bB2KIEX710q3nZg99LIjy+8Zxgi3oZTkg1bFmFRusFU5U4eN5408zfSqDDGvjDE3Yv7o4w==

"@rspack/binding-linux-arm64-musl@2.1.2":
  version "2.1.2"
  resolved "https://registry.yarnpkg.com/@rspack/binding-linux-arm64-musl/-/binding-linux-arm64-musl-2.1.2.tgz#3cdcee0ec15c9da1d9ead861ec7086074c23d1c6"
  integrity sha512-yt+GGWUH7WPE8K97cRc8OpZhH7Pbj1vU+lkvKbDtF/rR8X9a/bJsA/nBqyUV2oBKOVbrp5I8rFZlnDskMqgvKw==

"@rspack/binding-linux-riscv64-gnu@2.1.2":
  version "2.1.2"
  resolved "https://registry.yarnpkg.com/@rspack/binding-linux-riscv64-gnu/-/binding-linux-riscv64-gnu-2.1.2.tgz#4c17a71a7dd48a1e8d99c2c1a8aab3fe7743dd5d"
  integrity sha512-uys8Jyw8Z3ralvICbN/L/nZfy5qELIwpOY72rhIqhoDYwFcL4fmMaY7WsvUcJOjCB2rqOcWPaWKuF2oPvo9iDQ==

"@rspack/binding-linux-riscv64-musl@2.1.2":
  version "2.1.2"
  resolved "https://registry.yarnpkg.com/@rspack/binding-linux-riscv64-musl/-/binding-linux-riscv64-musl-2.1.2.tgz#658e64d6c4cd0c79925cba1fc51f65aeb8feca2c"
  integrity sha512-JYNVQwqCaRGQWvjHQYzZkIzQiwllMaJwh4Rdu3ww6W2OJcJUqT08sL1pkOtU0iCxT4VUYiRRcp93VGTGpHr8fg==

"@rspack/binding-linux-x64-gnu@2.1.2":
  version "2.1.2"
  resolved "https://registry.yarnpkg.com/@rspack/binding-linux-x64-gnu/-/binding-linux-x64-gnu-2.1.2.tgz#d96b918007de1a6739b22e968d420870f853e674"
  integrity sha512-KDoPy0Msf/JLhxgPPrJQzZeB4Qpqd32em8AP5lSW2s6jR5I35dHgAe9xc2A++EQtnSrU4GTn6DBvFC7q84SihQ==

"@rspack/binding-linux-x64-musl@2.1.2":
  version "2.1.2"
  resolved "https://registry.yarnpkg.com/@rspack/binding-linux-x64-musl/-/binding-linux-x64-musl-2.1.2.tgz#ba6ac69dcf2cf984df569f64766d66eb8b49a2f4"
  integrity sha512-66hWmIGvn4zCKAYXJE9Bp5SNSLYnLFq2Ke/efE+ZtWy43Dd5vk9AAOmThVGBwdwmIxmGtHGCp+cAuS4G0wu0TA==

"@rspack/binding-wasm32-wasi@2.1.2":
  version "2.1.2"
  resolved "https://registry.yarnpkg.com/@rspack/binding-wasm32-wasi/-/binding-wasm32-wasi-2.1.2.tgz#2a48ed0e2d7fae416e258edb7453d123dfb21483"
  integrity sha512-EB4SqH8DW/E/OmqssNQvnIVGQiVUyYNlA/pcc6Ia4MlTNwu6eNDppcNLrToH+kSZpL4CpHSFfSM3eIsSuar2Rw==
  dependencies:
    "@emnapi/core" "1.11.1"
    "@emnapi/runtime" "1.11.1"
    "@napi-rs/wasm-runtime" "1.1.6"

"@rspack/binding-win32-arm64-msvc@2.1.2":
  version "2.1.2"
  resolved "https://registry.yarnpkg.com/@rspack/binding-win32-arm64-msvc/-/binding-win32-arm64-msvc-2.1.2.tgz#2d7a5c2736d7419224a21bd16032ad0e61cf19e5"
  integrity sha512-T6Fs/g32MRja/UpCq4AdyPRj8tA0cOkcEa4PrAcn/ztUgK8b/qMVxj5mhMI+n7k+kHZQnpeB1Q4HqdSJi6OocA==

"@rspack/binding-win32-ia32-msvc@2.1.2":
  version "2.1.2"
  resolved "https://registry.yarnpkg.com/@rspack/binding-win32-ia32-msvc/-/binding-win32-ia32-msvc-2.1.2.tgz#76f800e39f5000bb84bc5791ada008c1ffb6a423"
  integrity sha512-OtxkFVz14mVL4QK8QriSELn9B6PaYGHw1jGJwVDEzpu2ZxSHCTQPz9dVE1ekYtREEqZUkRU7Fp7VfhJSmjTt2Q==

"@rspack/binding-win32-x64-msvc@2.1.2":
  version "2.1.2"
  resolved "https://registry.yarnpkg.com/@rspack/binding-win32-x64-msvc/-/binding-win32-x64-msvc-2.1.2.tgz#4d0454ac096254966dec5d91118119d9e4dd2015"
  integrity sha512-Am+nx9fLF3nzgD/K05Bs1Bb+WO8SFLWAYRbXkymaL1r+RQxjRj7jd5ap2PhGOCcfaNA4yVWkAFvmFP92eRu7bQ==

"@rspack/binding@2.1.2":
  version "2.1.2"
  resolved "https://registry.yarnpkg.com/@rspack/binding/-/binding-2.1.2.tgz#c62f85c3ab8b33574f9e21c5caf1dc2543d3c4b0"
  integrity sha512-/mFcRSUW7Pl19KeaBIujJvZYNJQu0wD5D3aa5h+Qcph26v7nmLYlX7eajIHGi8tt2qTZX1lXifw2KLIXKwYaRQ==
  optionalDependencies:
    "@rspack/binding-darwin-arm64" "2.1.2"
    "@rspack/binding-darwin-x64" "2.1.2"
    "@rspack/binding-linux-arm64-gnu" "2.1.2"
    "@rspack/binding-linux-arm64-musl" "2.1.2"
    "@rspack/binding-linux-riscv64-gnu" "2.1.2"
    "@rspack/binding-linux-riscv64-musl" "2.1.2"
    "@rspack/binding-linux-x64-gnu" "2.1.2"
    "@rspack/binding-linux-x64-musl" "2.1.2"
    "@rspack/binding-wasm32-wasi" "2.1.2"
    "@rspack/binding-win32-arm64-msvc" "2.1.2"
    "@rspack/binding-win32-ia32-msvc" "2.1.2"
    "@rspack/binding-win32-x64-msvc" "2.1.2"

"@rspack/core@~2.1.2":
  version "2.1.2"
  resolved "https://registry.yarnpkg.com/@rspack/core/-/core-2.1.2.tgz#eeb106f96b7360f99e1503aa34060f21360005c7"
  integrity sha512-crpNQKhHfnzrIl4Sa4fjH30Ho5aAPgyqpmJZ41SkUFOzyKHdZKYfE5LF3CMh7MiFQFPPxiiKf5BcpxmtZZx4MQ==
  dependencies:
    "@rspack/binding" "2.1.2"

"@size-limit/esbuild@12.1.0":
  version "12.1.0"
  resolved "https://registry.yarnpkg.com/@size-limit/esbuild/-/esbuild-12.1.0.tgz#d0527ee8eed98794966b089c7fe61760cf4e6c7b"
  integrity sha512-Um6MVrX+05kIxI4+zk0ZByG9dA/Th1f+sfGc571D95BnCPc90/pl2+2OdsQuOyoWEbeAMqfcTKo0v07i+E65Vw==
  dependencies:
    esbuild "^0.28.0"
    nanoid "^5.1.7"

"@size-limit/file@12.1.0":
  version "12.1.0"
  resolved "https://registry.yarnpkg.com/@size-limit/file/-/file-12.1.0.tgz#3e0740e98cbb5c46c7e53939a37df5de68269fe2"
  integrity sha512-eGwDcIufnNnvJRzv3liDOn6MAOGgmOTUdpeGQ2KuRTlgIgO54AJH1ilvktlJc6PIjNfwpYY0dOGyap1QgM1swQ==

"@size-limit/preset-small-lib@^12.1.0":
  version "12.1.0"
  resolved "https://registry.yarnpkg.com/@size-limit/preset-small-lib/-/preset-small-lib-12.1.0.tgz#8457f5e8682bdec19f802f557a94fd33bdb461b5"
  integrity sha512-TVVQ/iuHbaGtHJrjur5s4XKYEyGk0nIwUAqhuzhKPbTyV9nYOH/laDelQ4vg3cGmm8sayRx998wxEdnwM/Yewg==
  dependencies:
    "@size-limit/esbuild" "12.1.0"
    "@size-limit/file" "12.1.0"
    size-limit "12.1.0"

"@swc/helpers@^0.5.21", "@swc/helpers@^0.5.23":
  version "0.5.23"
  resolved "https://registry.yarnpkg.com/@swc/helpers/-/helpers-0.5.23.tgz#19287d0d86d962b111376039a50c792902c9a86a"
  integrity sha512-5lSsMOTXURePglDfvuAQUqkGek9Hg2kksOYay2m0+XR++b2NWYL/4sWyuvVBIs8oKnJaxkdi9whaL/sqN13afw==
  dependencies:
    tslib "^2.8.0"

"@tybys/wasm-util@^0.10.3":
  version "0.10.3"
  resolved "https://registry.yarnpkg.com/@tybys/wasm-util/-/wasm-util-0.10.3.tgz#015cba9e9dd47ce14d03d2a8c5d547bfb169665d"
  integrity sha512-F3fo1MYrRJYL3zER0OUOmkutjr1Vp23m7OsSgp7nq4SP6OqX6C/56XFIPAl5bt3zaBRjmW7SGz3u/6LwFpYcOg==
  dependencies:
    tslib "^2.4.0"

"@types/node@^26.0.0":
  version "26.1.0"
  resolved "https://registry.yarnpkg.com/@types/node/-/node-26.1.0.tgz#aa85f0727fc5611347091c478341c63650903439"
  integrity sha512-O0A1G3xPGy4w7AgQdAQYUlQ+BKk2Oovw8eRpofyp5KdBZULnbe+WqaOVNrm705SHphCiG4XHsACrSmPu1f+Kgw==
  dependencies:
    undici-types "~8.3.0"

bytes-iec@^3.1.1:
  version "3.1.1"
  resolved "https://registry.yarnpkg.com/bytes-iec/-/bytes-iec-3.1.1.tgz#94cd36bf95c2c22a82002c247df8772d1d591083"
  integrity sha512-fey6+4jDK7TFtFg/klGSvNKJctyU7n2aQdnM+CO0ruLPbqqMOM8Tio0Pc+deqUeVKX1tL5DQep1zQ7+37aTAsA==

esbuild@^0.28.0:
  version "0.28.1"
  resolved "https://registry.yarnpkg.com/esbuild/-/esbuild-0.28.1.tgz#ef45b4634c9c9d97a296aea4114a5f9840f95578"
  integrity sha512-HrJrvZv5ayxBzPfwphOoNzkzOIIlifzk0KJrGK2c8R4+LKpMtpYLQeUdjnwjWv/LZlkH2laZk+4w78pi99D4Vw==
  optionalDependencies:
    "@esbuild/aix-ppc64" "0.28.1"
    "@esbuild/android-arm" "0.28.1"
    "@esbuild/android-arm64" "0.28.1"
    "@esbuild/android-x64" "0.28.1"
    "@esbuild/darwin-arm64" "0.28.1"
    "@esbuild/darwin-x64" "0.28.1"
    "@esbuild/freebsd-arm64" "0.28.1"
    "@esbuild/freebsd-x64" "0.28.1"
    "@esbuild/linux-arm" "0.28.1"
    "@esbuild/linux-arm64" "0.28.1"
    "@esbuild/linux-ia32" "0.28.1"
    "@esbuild/linux-loong64" "0.28.1"
    "@esbuild/linux-mips64el" "0.28.1"
    "@esbuild/linux-ppc64" "0.28.1"
    "@esbuild/linux-riscv64" "0.28.1"
    "@esbuild/linux-s390x" "0.28.1"
    "@esbuild/linux-x64" "0.28.1"
    "@esbuild/netbsd-arm64" "0.28.1"
    "@esbuild/netbsd-x64" "0.28.1"
    "@esbuild/openbsd-arm64" "0.28.1"
    "@esbuild/openbsd-x64" "0.28.1"
    "@esbuild/openharmony-arm64" "0.28.1"
    "@esbuild/sunos-x64" "0.28.1"
    "@esbuild/win32-arm64" "0.28.1"
    "@esbuild/win32-ia32" "0.28.1"
    "@esbuild/win32-x64" "0.28.1"

fdir@^6.5.0:
  version "6.5.0"
  resolved "https://registry.yarnpkg.com/fdir/-/fdir-6.5.0.tgz#ed2ab967a331ade62f18d077dae192684d50d350"
  integrity sha512-tIbYtZbucOs0BRGqPJkshJUYdL+SDH7dVM8gjy+ERp3WAUjLEFJE+02kanyHtwjWOnwrKYBiwAmM0p4kLJAnXg==

lilconfig@^3.1.3:
  version "3.1.3"
  resolved "https://registry.yarnpkg.com/lilconfig/-/lilconfig-3.1.3.tgz#a1bcfd6257f9585bf5ae14ceeebb7b559025e4c4"
  integrity sha512-/vlFKAoH5Cgt3Ie+JLhRbwOsCQePABiU3tJ1egGvyQ+33R/vcwM2Zl2QR/LzjsBeItPt3oSVXapn+m4nQDvpzw==

nanoid@^5.1.7:
  version "5.1.9"
  resolved "https://registry.yarnpkg.com/nanoid/-/nanoid-5.1.9.tgz#aac959acf7d685269fb1be7f70a90d9db0848948"
  integrity sha512-ZUvP7KeBLe3OZ1ypw6dI/TzYJuvHP77IM4Ry73waSQTLn8/g8rpdjfyVAh7t1/+FjBtG4lCP42MEbDxOsRpBMw==

nanospinner@^1.2.2:
  version "1.2.2"
  resolved "https://registry.yarnpkg.com/nanospinner/-/nanospinner-1.2.2.tgz#5a38f4410b5bf7a41585964bee74d32eab3e040b"
  integrity sha512-Zt/AmG6qRU3e+WnzGGLuMCEAO/dAu45stNbHY223tUxldaDAeE+FxSPsd9Q+j+paejmm0ZbrNVs5Sraqy3dRxA==
  dependencies:
    picocolors "^1.1.1"

picocolors@^1.1.1:
  version "1.1.1"
  resolved "https://registry.yarnpkg.com/picocolors/-/picocolors-1.1.1.tgz#3d321af3eab939b083c8f929a1d12cda81c26b6b"
  integrity sha512-xceH2snhtb5M9liqDsmEw56le376mTZkEX/jEb/RxNFyegNul7eNslCXP9FDj/Lcu0X8KEyMceP2ntpaHrDEVA==

picomatch@^4.0.4:
  version "4.0.4"
  resolved "https://registry.yarnpkg.com/picomatch/-/picomatch-4.0.4.tgz#fd6f5e00a143086e074dffe4c924b8fb293b0589"
  integrity sha512-QP88BAKvMam/3NxH6vj2o21R6MjxZUAd6nlwAS/pnGvN9IVLocLHxGYIzFhg6fUQ+5th6P4dv4eW9jX3DSIj7A==

rsbuild-plugin-dts@0.23.2:
  version "0.23.2"
  resolved "https://registry.yarnpkg.com/rsbuild-plugin-dts/-/rsbuild-plugin-dts-0.23.2.tgz#5e59d08a859f57128b51d5559f677231a3832eeb"
  integrity sha512-Ve8WOSPyTBjxH40O/6fChJtflL7yqcUtt5zbF0eHDM4hIt35jqLocRlSdCxFJdQm0blTjl6+hkmPa/vNI06ArA==
  dependencies:
    "@ast-grep/napi" "0.37.0"

size-limit@12.1.0, size-limit@^12.1.0:
  version "12.1.0"
  resolved "https://registry.yarnpkg.com/size-limit/-/size-limit-12.1.0.tgz#4e62d95773f3ea86d4dac7727fa6de8478050782"
  integrity sha512-VnDS2fycANrJFVPQwjaD+h+hkISY7EB3LsPsYWje4lBCjQwwsZLxjwwRwVJKHrcj2ZqyG+DdXykWm9mbZklZrw==
  dependencies:
    bytes-iec "^3.1.1"
    lilconfig "^3.1.3"
    nanospinner "^1.2.2"
    picocolors "^1.1.1"
    tinyglobby "^0.2.16"

tinyglobby@^0.2.16:
  version "0.2.16"
  resolved "https://registry.yarnpkg.com/tinyglobby/-/tinyglobby-0.2.16.tgz#1c3b7eb953fce42b226bc5a1ee06428281aff3d6"
  integrity sha512-pn99VhoACYR8nFHhxqix+uvsbXineAasWm5ojXoN8xEwK5Kd3/TrhNn1wByuD52UxWRLy8pu+kRMniEi6Eq9Zg==
  dependencies:
    fdir "^6.5.0"
    picomatch "^4.0.4"

tslib@^2.4.0, tslib@^2.8.0:
  version "2.8.1"
  resolved "https://registry.yarnpkg.com/tslib/-/tslib-2.8.1.tgz#612efe4ed235d567e8aba5f2a5fab70280ade83f"
  integrity sha512-oJFu94HQb+KVduSUQL7wnpmqnfmLsOA/nAh6b6EH0wCEoK0/mPeXU6c3wKDV83MkOuHPRHtSXKKU99IBazS/2w==

typescript@^6.0.3:
  version "6.0.3"
  resolved "https://registry.yarnpkg.com/typescript/-/typescript-6.0.3.tgz#90251dc007916e972786cb94d74d15b185577d21"
  integrity sha512-y2TvuxSZPDyQakkFRPZHKFm+KKVqIisdg9/CZwm9ftvKXLP8NRWj38/ODjNbr43SsoXqNuAisEf1GdCxqWcdBw==

undici-types@~8.3.0:
  version "8.3.0"
  resolved "https://registry.yarnpkg.com/undici-types/-/undici-types-8.3.0.tgz#44e9fc9f3244648cdea35e4f9bb2d681e9410809"
  integrity sha512-j375ScV60dom+YkPFIfTLcOiPxkN/buHz5GobjLhixFuANaNs3C9l4GmrWqejgXWJ7BbJcFYpTEUkS1Ge8bpZQ==
